{
    "_readme": [
        "This file locks the dependencies of your project to a known state",
        "Read more about it at https://getcomposer.org/doc/01-basic-usage.md#composer-lock-the-lock-file",
        "This file is @generated automatically"
    ],
    "hash": "6d5830537d8d3243263a0ed2e236de64",
    "content-hash": "5f844ff6faf63bb81b27b78c181426e1",
    "packages": [
        {
            "name": "algolia/algoliasearch-client-php",
            "version": "1.14.0",
            "source": {
                "type": "git",
                "url": "https://github.com/algolia/algoliasearch-client-php.git",
                "reference": "80b7d51229f604325c29bf81f2b04ef412a9b969"
            },
            "dist": {
                "type": "zip",
                "url": "https://api.github.com/repos/algolia/algoliasearch-client-php/zipball/80b7d51229f604325c29bf81f2b04ef412a9b969",
                "reference": "80b7d51229f604325c29bf81f2b04ef412a9b969",
                "shasum": ""
            },
            "require": {
                "ext-mbstring": "*",
                "php": ">=5.3"
            },
            "require-dev": {
                "phpunit/phpunit": "^4.8 || ^5.0",
                "satooshi/php-coveralls": "0.6.*"
            },
            "type": "library",
            "autoload": {
                "psr-0": {
                    "AlgoliaSearch": "src/",
                    "AlgoliaSearch\\Tests": "tests/"
                }
            },
            "notification-url": "https://packagist.org/downloads/",
            "license": [
                "MIT"
            ],
            "authors": [
                {
                    "name": "Algolia Team",
                    "email": "contact@algolia.com"
                },
                {
                    "name": "Ryan T. Catlin",
                    "email": "ryan.catlin@gmail.com"
                },
                {
                    "name": "Jonathan H. Wage",
                    "email": "jonwage@gmail.com"
                }
            ],
            "description": "Algolia Search API Client for PHP",
            "homepage": "https://github.com/algolia/algoliasearch-client-php",
            "time": "2017-02-07 12:48:11"
        },
        {
            "name": "rayrutjes/algolia-index",
            "version": "dev-master",
            "source": {
                "type": "git",
                "url": "git@github.com:rayrutjes/algolia-index.git",
                "reference": "b66e6aafae603b2badf59ba5556844a01fc16a87"
            },
            "dist": {
                "type": "zip",
                "url": "https://api.github.com/repos/rayrutjes/algolia-index/zipball/b66e6aafae603b2badf59ba5556844a01fc16a87",
                "reference": "b66e6aafae603b2badf59ba5556844a01fc16a87",
                "shasum": ""
            },
            "require": {
                "algolia/algoliasearch-client-php": "^1.13",
                "php": "~5.3 || ^7.0"
            },
            "require-dev": {
                "phpunit/phpunit": "~4.0 | ~5.0"
            },
            "type": "library",
            "autoload": {
                "psr-4": {
                    "RayRutjes\\AlgoliaIndex\\": "src/",
                    "RayRutjes\\AlgoliaIndex\\Tests\\": "tests/"
                }
            },
            "license": [
                "MIT"
            ],
            "authors": [
                {
                    "name": "Raymond RUTJES",
                    "email": "raymond.rutjes@gmail.com"
                }
            ],
            "homepage": "https://github.com/rayrutjes/algolia-index",
            "support": {
                "source": "https://github.com/rayrutjes/algolia-index/tree/master",
                "issues": "https://github.com/rayrutjes/algolia-index/issues"
            },
            "time": "2017-02-17 22:58:20"
        }
    ],
    "packages-dev": [],
    "aliases": [],
    "minimum-stability": "stable",
    "stability-flags": {
        "rayrutjes/algolia-index": 20
    },
    "prefer-stable": false,
    "prefer-lowest": false,
    "platform": [],
    "platform-dev": []
}
