{
    "_readme": [
        "This file locks the dependencies of your project to a known state",
        "Read more about it at https://getcomposer.org/doc/01-basic-usage.md#composer-lock-the-lock-file",
        "This file is @generated automatically"
    ],
    "hash": "346233886cac78f4831398220aca0c4e",
    "content-hash": "8d7fbef83c45c64dec02c5c0031addb0",
    "packages": [
        {
            "name": "composer/installers",
            "version": "v1.3.0",
            "source": {
                "type": "git",
                "url": "https://github.com/composer/installers.git",
                "reference": "79ad876c7498c0bbfe7eed065b8651c93bfd6045"
            },
            "dist": {
                "type": "zip",
                "url": "https://api.github.com/repos/composer/installers/zipball/79ad876c7498c0bbfe7eed065b8651c93bfd6045",
                "reference": "79ad876c7498c0bbfe7eed065b8651c93bfd6045",
                "shasum": ""
            },
            "require": {
                "composer-plugin-api": "^1.0"
            },
            "replace": {
                "roundcube/plugin-installer": "*",
                "shama/baton": "*"
            },
            "require-dev": {
                "composer/composer": "1.0.*@dev",
                "phpunit/phpunit": "4.1.*"
            },
            "type": "composer-plugin",
            "extra": {
                "class": "Composer\\Installers\\Plugin",
                "branch-alias": {
                    "dev-master": "1.0-dev"
                }
            },
            "autoload": {
                "psr-4": {
                    "Composer\\Installers\\": "src/Composer/Installers"
                }
            },
            "notification-url": "https://packagist.org/downloads/",
            "license": [
                "MIT"
            ],
            "authors": [
                {
                    "name": "Kyle Robinson Young",
                    "email": "kyle@dontkry.com",
                    "homepage": "https://github.com/shama"
                }
            ],
            "description": "A multi-framework Composer library installer",
            "homepage": "https://composer.github.io/installers/",
            "keywords": [
                "Craft",
                "Dolibarr",
                "Eliasis",
                "Hurad",
                "ImageCMS",
                "Kanboard",
                "MODX Evo",
                "Mautic",
                "Maya",
                "OXID",
                "Plentymarkets",
                "Porto",
                "RadPHP",
                "SMF",
                "Thelia",
                "WolfCMS",
                "agl",
                "aimeos",
                "annotatecms",
                "attogram",
                "bitrix",
                "cakephp",
                "chef",
                "cockpit",
                "codeigniter",
                "concrete5",
                "croogo",
                "dokuwiki",
                "drupal",
                "elgg",
                "expressionengine",
                "fuelphp",
                "grav",
                "installer",
                "itop",
                "joomla",
                "kohana",
                "laravel",
                "lavalite",
                "lithium",
                "magento",
                "mako",
                "mediawiki",
                "modulework",
                "moodle",
                "phpbb",
                "piwik",
                "ppi",
                "puppet",
                "reindex",
                "roundcube",
                "shopware",
                "silverstripe",
                "sydes",
                "symfony",
                "typo3",
                "wordpress",
                "yawik",
                "zend",
                "zikula"
            ],
            "time": "2017-04-24 06:37:16"
        }
    ],
    "packages-dev": [
        {
            "name": "algolia/algoliasearch-client-php",
            "version": "1.17.0",
            "source": {
                "type": "git",
                "url": "https://github.com/algolia/algoliasearch-client-php.git",
                "reference": "470c5cc20ae879e0a5f692227b416c26d10a6fba"
            },
            "dist": {
                "type": "zip",
                "url": "https://api.github.com/repos/algolia/algoliasearch-client-php/zipball/470c5cc20ae879e0a5f692227b416c26d10a6fba",
                "reference": "470c5cc20ae879e0a5f692227b416c26d10a6fba",
                "shasum": ""
            },
            "require": {
                "ext-mbstring": "*",
                "php": ">=5.3"
            },
            "require-dev": {
                "phpunit/phpunit": "^4.8 || ^5.0",
                "satooshi/php-coveralls": "0.6.*"
            },
            "type": "library",
            "autoload": {
                "psr-0": {
                    "AlgoliaSearch": "src/",
                    "AlgoliaSearch\\Tests": "tests/"
                }
            },
            "notification-url": "https://packagist.org/downloads/",
            "license": [
                "MIT"
            ],
            "authors": [
                {
                    "name": "Algolia Team",
                    "email": "contact@algolia.com"
                },
                {
                    "name": "Ryan T. Catlin",
                    "email": "ryan.catlin@gmail.com"
                },
                {
                    "name": "Jonathan H. Wage",
                    "email": "jonwage@gmail.com"
                }
            ],
            "description": "Algolia Search API Client for PHP",
            "homepage": "https://github.com/algolia/algoliasearch-client-php",
            "time": "2017-04-03 07:54:23"
        },
        {
            "name": "algolia/index",
            "version": "dev-master",
            "source": {
                "type": "git",
                "url": "git@github.com:algolia/php-index.git",
                "reference": "b5496867cafda73629f62154ac6f4539ea4a1d94"
            },
            "dist": {
                "type": "zip",
                "url": "https://api.github.com/repos/algolia/php-index/zipball/b5496867cafda73629f62154ac6f4539ea4a1d94",
                "reference": "b5496867cafda73629f62154ac6f4539ea4a1d94",
                "shasum": ""
            },
            "require": {
                "algolia/algoliasearch-client-php": "^1.13",
                "php": "~5.3 || ^7.0"
            },
            "require-dev": {
                "phpunit/phpunit": "~4.0 | ~5.0"
            },
            "type": "library",
            "autoload": {
                "psr-4": {
                    "Algolia\\Index\\": "src/",
                    "Algolia\\Index\\Tests\\": "tests/"
                }
            },
            "license": [
                "MIT"
            ],
            "authors": [
                {
                    "name": "Raymond RUTJES",
                    "email": "raymond.rutjes@gmail.com"
                }
            ],
            "homepage": "https://github.com/algolia/php-index",
            "support": {
                "source": "https://github.com/algolia/php-index/tree/master",
                "issues": "https://github.com/algolia/php-index/issues"
            },
            "time": "2017-02-20 08:28:03"
        }
    ],
    "aliases": [],
    "minimum-stability": "stable",
    "stability-flags": {
        "algolia/index": 20
    },
    "prefer-stable": false,
    "prefer-lowest": false,
    "platform": [],
    "platform-dev": []
}
