# THIS IS AN AUTOGENERATED FILE. DO NOT EDIT THIS FILE DIRECTLY.
# yarn lockfile v1


autocomplete.js@^0.25.0:
  version "0.25.0"
  resolved "https://registry.yarnpkg.com/autocomplete.js/-/autocomplete.js-0.25.0.tgz#6ef7e2f88407402067d65e6d8caec87164743ee4"
  dependencies:
    immediate "^3.2.3"

immediate@^3.2.3:
  version "3.2.3"
  resolved "https://registry.yarnpkg.com/immediate/-/immediate-3.2.3.tgz#d140fa8f614659bd6541233097ddaac25cdd991c"
